
Microsoft Visual Studio Solution File, Format Version 12.00
Project("{FAE04EC0-301F-11D3-BF4B-00C04F79EFBC}") = "QuickTest", "QuickTest.csproj", "{F82B8FC2-831E-4061-B605-79EBC645F8CD}"
EndProject
Global
	GlobalSection(SolutionConfigurationPlatforms) = preSolution
		Debug|Any CPU = Debug|Any CPU
		Release|Any CPU = Release|Any CPU
	EndGlobalSection
	GlobalSection(ProjectConfigurationPlatforms) = postSolution
		{F82B8FC2-831E-4061-B605-79EBC645F8CD}.Debug|Any CPU.ActiveCfg = Debug|Any CPU
		{F82B8FC2-831E-4061-B605-79EBC645F8CD}.Debug|Any CPU.Build.0 = Debug|Any CPU
		{F82B8FC2-831E-4061-B605-79EBC645F8CD}.Release|Any CPU.ActiveCfg = Release|Any CPU
		{F82B8FC2-831E-4061-B605-79EBC645F8CD}.Release|Any CPU.Build.0 = Release|Any CPU
	EndGlobalSection
EndGlobal
